// !$*UTF8*$!
{
	archiveVersion = 1;
	classes = {
	};
	objectVersion = 46;
	objects = {

/* Begin PBXBuildFile section */
		A1D315101E6C868C00260F30 /* AppDelegate.swift in Sources */ = {isa = PBXBuildFile; fileRef = A1D3150F1E6C868C00260F30 /* AppDelegate.swift */; };
		A1D315121E6C868C00260F30 /* ViewController.swift in Sources */ = {isa = PBXBuildFile; fileRef = A1D315111E6C868C00260F30 /* ViewController.swift */; };
		A1D315151E6C868C00260F30 /* Main.storyboard in Resources */ = {isa = PBXBuildFile; fileRef = A1D315131E6C868C00260F30 /* Main.storyboard */; };
		A1D315171E6C868C00260F30 /* Assets.xcassets in Resources */ = {isa = PBXBuildFile; fileRef = A1D315161E6C868C00260F30 /* Assets.xcassets */; };
		A1D3151A1E6C868C00260F30 /* LaunchScreen.storyboard in Resources */ = {isa = PBXBuildFile; fileRef = A1D315181E6C868C00260F30 /* LaunchScreen.storyboard */; };
		A1D315221E6C86AB00260F30 /* Algorithms.swift in Sources */ = {isa = PBXBuildFile; fileRef = A1D315211E6C86AB00260F30 /* Algorithms.swift */; };
		A1D3156A1E6F134300260F30 /* Node.swift in Sources */ = {isa = PBXBuildFile; fileRef = A1D315691E6F134300260F30 /* Node.swift */; };
/* End PBXBuildFile section */

/* Begin PBXFileReference section */
		A1D3150C1E6C868C00260F30 /* LeetCodeAlgorithms.app */ = {isa = PBXFileReference; explicitFileType = wrapper.application; includeInIndex = 0; path = LeetCodeAlgorithms.app; sourceTree = BUILT_PRODUCTS_DIR; };
		A1D3150F1E6C868C00260F30 /* AppDelegate.swift */ = {isa = PBXFileReference; lastKnownFileType = sourcecode.swift; path = AppDelegate.swift; sourceTree = "<group>"; };
		A1D315111E6C868C00260F30 /* ViewController.swift */ = {isa = PBXFileReference; lastKnownFileType = sourcecode.swift; path = ViewController.swift; sourceTree = "<group>"; };
		A1D315141E6C868C00260F30 /* Base */ = {isa = PBXFileReference; lastKnownFileType = file.storyboard; name = Base; path = Base.lproj/Main.storyboard; sourceTree = "<group>"; };
		A1D315161E6C868C00260F30 /* Assets.xcassets */ = {isa = PBXFileReference; lastKnownFileType = folder.assetcatalog; path = Assets.xcassets; sourceTree = "<group>"; };
		A1D315191E6C868C00260F30 /* Base */ = {isa = PBXFileReference; lastKnownFileType = file.storyboard; name = Base; path = Base.lproj/LaunchScreen.storyboard; sourceTree = "<group>"; };
		A1D3151B1E6C868C00260F30 /* Info.plist */ = {isa = PBXFileReference; lastKnownFileType = text.plist.xml; path = Info.plist; sourceTree = "<group>"; };
		A1D315211E6C86AB00260F30 /* Algorithms.swift */ = {isa = PBXFileReference; fileEncoding = 4; lastKnownFileType = sourcecode.swift; name = Algorithms.swift; path = ../Algorithms.swift; sourceTree = "<group>"; };
		A1D315691E6F134300260F30 /* Node.swift */ = {isa = PBXFileReference; fileEncoding = 4; lastKnownFileType = sourcecode.swift; path = Node.swift; sourceTree = "<group>"; };
/* End PBXFileReference section */

/* Begin PBXFrameworksBuildPhase section */
		A1D315091E6C868C00260F30 /* Frameworks */ = {
			isa = PBXFrameworksBuildPhase;
			buildActionMask = 2147483647;
			files = (
			);
			runOnlyForDeploymentPostprocessing = 0;
		};
/* End PBXFrameworksBuildPhase section */

/* Begin PBXGroup section */
		A1D315031E6C868C00260F30 = {
			isa = PBXGroup;
			children = (
				A1D3150E1E6C868C00260F30 /* LeetCodeAlgorithms */,
				A1D3150D1E6C868C00260F30 /* Products */,
			);
			sourceTree = "<group>";
		};
		A1D3150D1E6C868C00260F30 /* Products */ = {
			isa = PBXGroup;
			children = (
				A1D3150C1E6C868C00260F30 /* LeetCodeAlgorithms.app */,
			);
			name = Products;
			sourceTree = "<group>";
		};
		A1D3150E1E6C868C00260F30 /* LeetCodeAlgorithms */ = {
			isa = PBXGroup;
			children = (
				A1D315211E6C86AB00260F30 /* Algorithms.swift */,
				A1D3150F1E6C868C00260F30 /* AppDelegate.swift */,
				A1D315111E6C868C00260F30 /* ViewController.swift */,
				A1D315691E6F134300260F30 /* Node.swift */,
				A1D315131E6C868C00260F30 /* Main.storyboard */,
				A1D315161E6C868C00260F30 /* Assets.xcassets */,
				A1D315181E6C868C00260F30 /* LaunchScreen.storyboard */,
				A1D3151B1E6C868C00260F30 /* Info.plist */,
			);
			path = LeetCodeAlgorithms;
			sourceTree = "<group>";
		};
/* End PBXGroup section */

/* Begin PBXNativeTarget section */
		A1D3150B1E6C868C00260F30 /* LeetCodeAlgorithms */ = {
			isa = PBXNativeTarget;
			buildConfigurationList = A1D3151E1E6C868C00260F30 /* Build configuration list for PBXNativeTarget "LeetCodeAlgorithms" */;
			buildPhases = (
				A1D315081E6C868C00260F30 /* Sources */,
				A1D315091E6C868C00260F30 /* Frameworks */,
				A1D3150A1E6C868C00260F30 /* Resources */,
			);
			buildRules = (
			);
			dependencies = (
			);
			name = LeetCodeAlgorithms;
			productName = LeetCodeAlgorithms;
			productReference = A1D3150C1E6C868C00260F30 /* LeetCodeAlgorithms.app */;
			productType = "com.apple.product-type.application";
		};
/* End PBXNativeTarget section */

/* Begin PBXProject section */
		A1D315041E6C868C00260F30 /* Project object */ = {
			isa = PBXProject;
			attributes = {
				LastSwiftUpdateCheck = 0820;
				LastUpgradeCheck = 0820;
				ORGANIZATIONNAME = Sheldon;
				TargetAttributes = {
					A1D3150B1E6C868C00260F30 = {
						CreatedOnToolsVersion = 8.2.1;
						DevelopmentTeam = 4RQ5BSF882;
						ProvisioningStyle = Automatic;
					};
				};
			};
			buildConfigurationList = A1D315071E6C868C00260F30 /* Build configuration list for PBXProject "LeetCodeAlgorithms" */;
			compatibilityVersion = "Xcode 3.2";
			developmentRegion = English;
			hasScannedForEncodings = 0;
			knownRegions = (
				en,
				Base,
			);
			mainGroup = A1D315031E6C868C00260F30;
			productRefGroup = A1D3150D1E6C868C00260F30 /* Products */;
			projectDirPath = "";
			projectRoot = "";
			targets = (
				A1D3150B1E6C868C00260F30 /* LeetCodeAlgorithms */,
			);
		};
/* End PBXProject section */

/* Begin PBXResourcesBuildPhase section */
		A1D3150A1E6C868C00260F30 /* Resources */ = {
			isa = PBXResourcesBuildPhase;
			buildActionMask = 2147483647;
			files = (
				A1D3151A1E6C868C00260F30 /* LaunchScreen.storyboard in Resources */,
				A1D315171E6C868C00260F30 /* Assets.xcassets in Resources */,
				A1D315151E6C868C00260F30 /* Main.storyboard in Resources */,
			);
			runOnlyForDeploymentPostprocessing = 0;
		};
/* End PBXResourcesBuildPhase section */

/* Begin PBXSourcesBuildPhase section */
		A1D315081E6C868C00260F30 /* Sources */ = {
			isa = PBXSourcesBuildPhase;
			buildActionMask = 2147483647;
			files = (
				A1D315121E6C868C00260F30 /* ViewController.swift in Sources */,
				A1D315101E6C868C00260F30 /* AppDelegate.swift in Sources */,
				A1D315221E6C86AB00260F30 /* Algorithms.swift in Sources */,
				A1D3156A1E6F134300260F30 /* Node.swift in Sources */,
			);
			runOnlyForDeploymentPostprocessing = 0;
		};
/* End PBXSourcesBuildPhase section */

/* Begin PBXVariantGroup section */
		A1D315131E6C868C00260F30 /* Main.storyboard */ = {
			isa = PBXVariantGroup;
			children = (
				A1D315141E6C868C00260F30 /* Base */,
			);
			name = Main.storyboard;
			sourceTree = "<group>";
		};
		A1D315181E6C868C00260F30 /* LaunchScreen.storyboard */ = {
			isa = PBXVariantGroup;
			children = (
				A1D315191E6C868C00260F30 /* Base */,
			);
			name = LaunchScreen.storyboard;
			sourceTree = "<group>";
		};
/* End PBXVariantGroup section */

/* Begin XCBuildConfiguration section */
		A1D3151C1E6C868C00260F30 /* Debug */ = {
			isa = XCBuildConfiguration;
			buildSettings = {
				ALWAYS_SEARCH_USER_PATHS = NO;
				CLANG_ANALYZER_NONNULL = YES;
				CLANG_CXX_LANGUAGE_STANDARD = "gnu++0x";
				CLANG_CXX_LIBRARY = "libc++";
				CLANG_ENABLE_MODULES = YES;
				CLANG_ENABLE_OBJC_ARC = YES;
				CLANG_WARN_BOOL_CONVERSION = YES;
				CLANG_WARN_CONSTANT_CONVERSION = YES;
				CLANG_WARN_DIRECT_OBJC_ISA_USAGE = YES_ERROR;
				CLANG_WARN_DOCUMENTATION_COMMENTS = YES;
				CLANG_WARN_EMPTY_BODY = YES;
				CLANG_WARN_ENUM_CONVERSION = YES;
				CLANG_WARN_INFINITE_RECURSION = YES;
				CLANG_WARN_INT_CONVERSION = YES;
				CLANG_WARN_OBJC_ROOT_CLASS = YES_ERROR;
				CLANG_WARN_SUSPICIOUS_MOVE = YES;
				CLANG_WARN_UNREACHABLE_CODE = YES;
				CLANG_WARN__DUPLICATE_METHOD_MATCH = YES;
				"CODE_SIGN_IDENTITY[sdk=iphoneos*]" = "iPhone Developer";
				COPY_PHASE_STRIP = NO;
				DEBUG_INFORMATION_FORMAT = dwarf;
				ENABLE_STRICT_OBJC_MSGSEND = YES;
				ENABLE_TESTABILITY = YES;
				GCC_C_LANGUAGE_STANDARD = gnu99;
				GCC_DYNAMIC_NO_PIC = NO;
				GCC_NO_COMMON_BLOCKS = YES;
				GCC_OPTIMIZATION_LEVEL = 0;
				GCC_PREPROCESSOR_DEFINITIONS = (
					"DEBUG=1",
					"$(inherited)",
				);
				GCC_WARN_64_TO_32_BIT_CONVERSION = YES;
				GCC_WARN_ABOUT_RETURN_TYPE = YES_ERROR;
				GCC_WARN_UNDECLARED_SELECTOR = YES;
				GCC_WARN_UNINITIALIZED_AUTOS = YES_AGGRESSIVE;
				GCC_WARN_UNUSED_FUNCTION = YES;
				GCC_WARN_UNUSED_VARIABLE = YES;
				IPHONEOS_DEPLOYMENT_TARGET = 10.2;
				MTL_ENABLE_DEBUG_INFO = YES;
				ONLY_ACTIVE_ARCH = YES;
				SDKROOT = iphoneos;
				SWIFT_ACTIVE_COMPILATION_CONDITIONS = DEBUG;
				SWIFT_OPTIMIZATION_LEVEL = "-Onone";
				TARGETED_DEVICE_FAMILY = "1,2";
			};
			name = Debug;
		};
		A1D3151D1E6C868C00260F30 /* Release */ = {
			isa = XCBuildConfiguration;
			buildSettings = {
				ALWAYS_SEARCH_USER_PATHS = NO;
				CLANG_ANALYZER_NONNULL = YES;
				CLANG_CXX_LANGUAGE_STANDARD = "gnu++0x";
				CLANG_CXX_LIBRARY = "libc++";
				CLANG_ENABLE_MODULES = YES;
				CLANG_ENABLE_OBJC_ARC = YES;
				CLANG_WARN_BOOL_CONVERSION = YES;
				CLANG_WARN_CONSTANT_CONVERSION = YES;
				CLANG_WARN_DIRECT_OBJC_ISA_USAGE = YES_ERROR;
				CLANG_WARN_DOCUMENTATION_COMMENTS = YES;
				CLANG_WARN_EMPTY_BODY = YES;
				CLANG_WARN_ENUM_CONVERSION = YES;
				CLANG_WARN_INFINITE_RECURSION = YES;
				CLANG_WARN_INT_CONVERSION = YES;
				CLANG_WARN_OBJC_ROOT_CLASS = YES_ERROR;
				CLANG_WARN_SUSPICIOUS_MOVE = YES;
				CLANG_WARN_UNREACHABLE_CODE = YES;
				CLANG_WARN__DUPLICATE_METHOD_MATCH = YES;
				"CODE_SIGN_IDENTITY[sdk=iphoneos*]" = "iPhone Developer";
				COPY_PHASE_STRIP = NO;
				DEBUG_INFORMATION_FORMAT = "dwarf-with-dsym";
				ENABLE_NS_ASSERTIONS = NO;
				ENABLE_STRICT_OBJC_MSGSEND = YES;
				GCC_C_LANGUAGE_STANDARD = gnu99;
				GCC_NO_COMMON_BLOCKS = YES;
				GCC_WARN_64_TO_32_BIT_CONVERSION = YES;
				GCC_WARN_ABOUT_RETURN_TYPE = YES_ERROR;
				GCC_WARN_UNDECLARED_SELECTOR = YES;
				GCC_WARN_UNINITIALIZED_AUTOS = YES_AGGRESSIVE;
				GCC_WARN_UNUSED_FUNCTION = YES;
				GCC_WARN_UNUSED_VARIABLE = YES;
				IPHONEOS_DEPLOYMENT_TARGET = 10.2;
				MTL_ENABLE_DEBUG_INFO = NO;
				SDKROOT = iphoneos;
				SWIFT_OPTIMIZATION_LEVEL = "-Owholemodule";
				TARGETED_DEVICE_FAMILY = "1,2";
				VALIDATE_PRODUCT = YES;
			};
			name = Release;
		};
		A1D3151F1E6C868C00260F30 /* Debug */ = {
			isa = XCBuildConfiguration;
			buildSettings = {
				ASSETCATALOG_COMPILER_APPICON_NAME = AppIcon;
				DEVELOPMENT_TEAM = 4RQ5BSF882;
				INFOPLIST_FILE = LeetCodeAlgorithms/Info.plist;
				LD_RUNPATH_SEARCH_PATHS = "$(inherited) @executable_path/Frameworks";
				PRODUCT_BUNDLE_IDENTIFIER = com.LeetCodeAlgorithms;
				PRODUCT_NAME = "$(TARGET_NAME)";
				SWIFT_VERSION = 3.0;
			};
			name = Debug;
		};
		A1D315201E6C868C00260F30 /* Release */ = {
			isa = XCBuildConfiguration;
			buildSettings = {
				ASSETCATALOG_COMPILER_APPICON_NAME = AppIcon;
				DEVELOPMENT_TEAM = 4RQ5BSF882;
				INFOPLIST_FILE = LeetCodeAlgorithms/Info.plist;
				LD_RUNPATH_SEARCH_PATHS = "$(inherited) @executable_path/Frameworks";
				PRODUCT_BUNDLE_IDENTIFIER = com.LeetCodeAlgorithms;
				PRODUCT_NAME = "$(TARGET_NAME)";
				SWIFT_VERSION = 3.0;
			};
			name = Release;
		};
/* End XCBuildConfiguration section */

/* Begin XCConfigurationList section */
		A1D315071E6C868C00260F30 /* Build configuration list for PBXProject "LeetCodeAlgorithms" */ = {
			isa = XCConfigurationList;
			buildConfigurations = (
				A1D3151C1E6C868C00260F30 /* Debug */,
				A1D3151D1E6C868C00260F30 /* Release */,
			);
			defaultConfigurationIsVisible = 0;
			defaultConfigurationName = Release;
		};
		A1D3151E1E6C868C00260F30 /* Build configuration list for PBXNativeTarget "LeetCodeAlgorithms" */ = {
			isa = XCConfigurationList;
			buildConfigurations = (
				A1D3151F1E6C868C00260F30 /* Debug */,
				A1D315201E6C868C00260F30 /* Release */,
			);
			defaultConfigurationIsVisible = 0;
			defaultConfigurationName = Release;
		};
/* End XCConfigurationList section */
	};
	rootObject = A1D315041E6C868C00260F30 /* Project object */;
}
